
Microsoft Visual Studio Solution File, Format Version 12.00
# Visual Studio 2012
VisualStudioVersion = 12.0.31101.0
MinimumVisualStudioVersion = 10.0.40219.1
Project("{FAE04EC0-301F-11D3-BF4B-00C04F79EFBC}") = "MasterPageXmalDemo", "MasterPageXmalDemo\MasterPageXmalDemo\MasterPageXmalDemo.csproj", "{D6A5A0DC-7D9E-47CC-BB1C-5912B94E12FB}"
EndProject
Project("{FAE04EC0-301F-11D3-BF4B-00C04F79EFBC}") = "MasterPageXmalDemo.iOS", "MasterPageXmalDemo\MasterPageXmalDemo.iOS\MasterPageXmalDemo.iOS.csproj", "{DB04200F-E8A0-4530-84B6-BC4457AC7BE9}"
EndProject
Project("{FAE04EC0-301F-11D3-BF4B-00C04F79EFBC}") = "MasterPageXmalDemo.Droid", "MasterPageXmalDemo\MasterPageXmalDemo.Droid\MasterPageXmalDemo.Droid.csproj", "{E0352E8F-5162-465B-9D7A-7ADF6B0567C4}"
EndProject
Project("{FAE04EC0-301F-11D3-BF4B-00C04F79EFBC}") = "MasterPageXmalDemo.WinPhone", "MasterPageXmalDemo\MasterPageXmalDemo.WinPhone\MasterPageXmalDemo.WinPhone.csproj", "{EA9340B5-5B3C-41AF-BD89-5D57DE20F84A}"
EndProject
Global
	GlobalSection(SolutionConfigurationPlatforms) = preSolution
		Ad-Hoc|Any CPU = Ad-Hoc|Any CPU
		Ad-Hoc|ARM = Ad-Hoc|ARM
		Ad-Hoc|iPhone = Ad-Hoc|iPhone
		Ad-Hoc|iPhoneSimulator = Ad-Hoc|iPhoneSimulator
		Ad-Hoc|Mixed Platforms = Ad-Hoc|Mixed Platforms
		Ad-Hoc|x86 = Ad-Hoc|x86
		AppStore|Any CPU = AppStore|Any CPU
		AppStore|ARM = AppStore|ARM
		AppStore|iPhone = AppStore|iPhone
		AppStore|iPhoneSimulator = AppStore|iPhoneSimulator
		AppStore|Mixed Platforms = AppStore|Mixed Platforms
		AppStore|x86 = AppStore|x86
		Debug|Any CPU = Debug|Any CPU
		Debug|ARM = Debug|ARM
		Debug|iPhone = Debug|iPhone
		Debug|iPhoneSimulator = Debug|iPhoneSimulator
		Debug|Mixed Platforms = Debug|Mixed Platforms
		Debug|x86 = Debug|x86
		Release|Any CPU = Release|Any CPU
		Release|ARM = Release|ARM
		Release|iPhone = Release|iPhone
		Release|iPhoneSimulator = Release|iPhoneSimulator
		Release|Mixed Platforms = Release|Mixed Platforms
		Release|x86 = Release|x86
	EndGlobalSection
	GlobalSection(ProjectConfigurationPlatforms) = postSolution
		{D6A5A0DC-7D9E-47CC-BB1C-5912B94E12FB}.Ad-Hoc|Any CPU.ActiveCfg = Release|Any CPU
		{D6A5A0DC-7D9E-47CC-BB1C-5912B94E12FB}.Ad-Hoc|Any CPU.Build.0 = Release|Any CPU
		{D6A5A0DC-7D9E-47CC-BB1C-5912B94E12FB}.Ad-Hoc|ARM.ActiveCfg = Release|Any CPU
		{D6A5A0DC-7D9E-47CC-BB1C-5912B94E12FB}.Ad-Hoc|iPhone.ActiveCfg = Release|Any CPU
		{D6A5A0DC-7D9E-47CC-BB1C-5912B94E12FB}.Ad-Hoc|iPhoneSimulator.ActiveCfg = Release|Any CPU
		{D6A5A0DC-7D9E-47CC-BB1C-5912B94E12FB}.Ad-Hoc|Mixed Platforms.ActiveCfg = Release|Any CPU
		{D6A5A0DC-7D9E-47CC-BB1C-5912B94E12FB}.Ad-Hoc|Mixed Platforms.Build.0 = Release|Any CPU
		{D6A5A0DC-7D9E-47CC-BB1C-5912B94E12FB}.Ad-Hoc|x86.ActiveCfg = Release|Any CPU
		{D6A5A0DC-7D9E-47CC-BB1C-5912B94E12FB}.AppStore|Any CPU.ActiveCfg = Release|Any CPU
		{D6A5A0DC-7D9E-47CC-BB1C-5912B94E12FB}.AppStore|Any CPU.Build.0 = Release|Any CPU
		{D6A5A0DC-7D9E-47CC-BB1C-5912B94E12FB}.AppStore|ARM.ActiveCfg = Release|Any CPU
		{D6A5A0DC-7D9E-47CC-BB1C-5912B94E12FB}.AppStore|iPhone.ActiveCfg = Release|Any CPU
		{D6A5A0DC-7D9E-47CC-BB1C-5912B94E12FB}.AppStore|iPhoneSimulator.ActiveCfg = Release|Any CPU
		{D6A5A0DC-7D9E-47CC-BB1C-5912B94E12FB}.AppStore|Mixed Platforms.ActiveCfg = Release|Any CPU
		{D6A5A0DC-7D9E-47CC-BB1C-5912B94E12FB}.AppStore|Mixed Platforms.Build.0 = Release|Any CPU
		{D6A5A0DC-7D9E-47CC-BB1C-5912B94E12FB}.AppStore|x86.ActiveCfg = Release|Any CPU
		{D6A5A0DC-7D9E-47CC-BB1C-5912B94E12FB}.Debug|Any CPU.ActiveCfg = Debug|Any CPU
		{D6A5A0DC-7D9E-47CC-BB1C-5912B94E12FB}.Debug|Any CPU.Build.0 = Debug|Any CPU
		{D6A5A0DC-7D9E-47CC-BB1C-5912B94E12FB}.Debug|ARM.ActiveCfg = Debug|Any CPU
		{D6A5A0DC-7D9E-47CC-BB1C-5912B94E12FB}.Debug|iPhone.ActiveCfg = Debug|Any CPU
		{D6A5A0DC-7D9E-47CC-BB1C-5912B94E12FB}.Debug|iPhoneSimulator.ActiveCfg = Debug|Any CPU
		{D6A5A0DC-7D9E-47CC-BB1C-5912B94E12FB}.Debug|iPhoneSimulator.Build.0 = Debug|Any CPU
		{D6A5A0DC-7D9E-47CC-BB1C-5912B94E12FB}.Debug|Mixed Platforms.ActiveCfg = Debug|Any CPU
		{D6A5A0DC-7D9E-47CC-BB1C-5912B94E12FB}.Debug|Mixed Platforms.Build.0 = Debug|Any CPU
		{D6A5A0DC-7D9E-47CC-BB1C-5912B94E12FB}.Debug|x86.ActiveCfg = Debug|Any CPU
		{D6A5A0DC-7D9E-47CC-BB1C-5912B94E12FB}.Release|Any CPU.ActiveCfg = Release|Any CPU
		{D6A5A0DC-7D9E-47CC-BB1C-5912B94E12FB}.Release|Any CPU.Build.0 = Release|Any CPU
		{D6A5A0DC-7D9E-47CC-BB1C-5912B94E12FB}.Release|ARM.ActiveCfg = Release|Any CPU
		{D6A5A0DC-7D9E-47CC-BB1C-5912B94E12FB}.Release|iPhone.ActiveCfg = Release|Any CPU
		{D6A5A0DC-7D9E-47CC-BB1C-5912B94E12FB}.Release|iPhoneSimulator.ActiveCfg = Release|Any CPU
		{D6A5A0DC-7D9E-47CC-BB1C-5912B94E12FB}.Release|Mixed Platforms.ActiveCfg = Release|Any CPU
		{D6A5A0DC-7D9E-47CC-BB1C-5912B94E12FB}.Release|Mixed Platforms.Build.0 = Release|Any CPU
		{D6A5A0DC-7D9E-47CC-BB1C-5912B94E12FB}.Release|x86.ActiveCfg = Release|Any CPU
		{DB04200F-E8A0-4530-84B6-BC4457AC7BE9}.Ad-Hoc|Any CPU.ActiveCfg = Ad-Hoc|iPhone
		{DB04200F-E8A0-4530-84B6-BC4457AC7BE9}.Ad-Hoc|ARM.ActiveCfg = Ad-Hoc|iPhone
		{DB04200F-E8A0-4530-84B6-BC4457AC7BE9}.Ad-Hoc|iPhone.ActiveCfg = Ad-Hoc|iPhone
		{DB04200F-E8A0-4530-84B6-BC4457AC7BE9}.Ad-Hoc|iPhone.Build.0 = Ad-Hoc|iPhone
		{DB04200F-E8A0-4530-84B6-BC4457AC7BE9}.Ad-Hoc|iPhoneSimulator.ActiveCfg = Ad-Hoc|iPhoneSimulator
		{DB04200F-E8A0-4530-84B6-BC4457AC7BE9}.Ad-Hoc|iPhoneSimulator.Build.0 = Ad-Hoc|iPhoneSimulator
		{DB04200F-E8A0-4530-84B6-BC4457AC7BE9}.Ad-Hoc|Mixed Platforms.ActiveCfg = Ad-Hoc|iPhone
		{DB04200F-E8A0-4530-84B6-BC4457AC7BE9}.Ad-Hoc|Mixed Platforms.Build.0 = Ad-Hoc|iPhone
		{DB04200F-E8A0-4530-84B6-BC4457AC7BE9}.Ad-Hoc|x86.ActiveCfg = Ad-Hoc|iPhone
		{DB04200F-E8A0-4530-84B6-BC4457AC7BE9}.AppStore|Any CPU.ActiveCfg = AppStore|iPhone
		{DB04200F-E8A0-4530-84B6-BC4457AC7BE9}.AppStore|ARM.ActiveCfg = AppStore|iPhone
		{DB04200F-E8A0-4530-84B6-BC4457AC7BE9}.AppStore|iPhone.ActiveCfg = AppStore|iPhone
		{DB04200F-E8A0-4530-84B6-BC4457AC7BE9}.AppStore|iPhone.Build.0 = AppStore|iPhone
		{DB04200F-E8A0-4530-84B6-BC4457AC7BE9}.AppStore|iPhoneSimulator.ActiveCfg = AppStore|iPhoneSimulator
		{DB04200F-E8A0-4530-84B6-BC4457AC7BE9}.AppStore|iPhoneSimulator.Build.0 = AppStore|iPhoneSimulator
		{DB04200F-E8A0-4530-84B6-BC4457AC7BE9}.AppStore|Mixed Platforms.ActiveCfg = AppStore|iPhone
		{DB04200F-E8A0-4530-84B6-BC4457AC7BE9}.AppStore|Mixed Platforms.Build.0 = AppStore|iPhone
		{DB04200F-E8A0-4530-84B6-BC4457AC7BE9}.AppStore|x86.ActiveCfg = AppStore|iPhone
		{DB04200F-E8A0-4530-84B6-BC4457AC7BE9}.Debug|Any CPU.ActiveCfg = Debug|iPhone
		{DB04200F-E8A0-4530-84B6-BC4457AC7BE9}.Debug|ARM.ActiveCfg = Debug|iPhone
		{DB04200F-E8A0-4530-84B6-BC4457AC7BE9}.Debug|iPhone.ActiveCfg = Debug|iPhone
		{DB04200F-E8A0-4530-84B6-BC4457AC7BE9}.Debug|iPhone.Build.0 = Debug|iPhone
		{DB04200F-E8A0-4530-84B6-BC4457AC7BE9}.Debug|iPhoneSimulator.ActiveCfg = Debug|iPhoneSimulator
		{DB04200F-E8A0-4530-84B6-BC4457AC7BE9}.Debug|iPhoneSimulator.Build.0 = Debug|iPhoneSimulator
		{DB04200F-E8A0-4530-84B6-BC4457AC7BE9}.Debug|Mixed Platforms.ActiveCfg = Debug|iPhone
		{DB04200F-E8A0-4530-84B6-BC4457AC7BE9}.Debug|Mixed Platforms.Build.0 = Debug|iPhone
		{DB04200F-E8A0-4530-84B6-BC4457AC7BE9}.Debug|x86.ActiveCfg = Debug|iPhone
		{DB04200F-E8A0-4530-84B6-BC4457AC7BE9}.Release|Any CPU.ActiveCfg = Release|iPhone
		{DB04200F-E8A0-4530-84B6-BC4457AC7BE9}.Release|ARM.ActiveCfg = Release|iPhone
		{DB04200F-E8A0-4530-84B6-BC4457AC7BE9}.Release|iPhone.ActiveCfg = Release|iPhone
		{DB04200F-E8A0-4530-84B6-BC4457AC7BE9}.Release|iPhone.Build.0 = Release|iPhone
		{DB04200F-E8A0-4530-84B6-BC4457AC7BE9}.Release|iPhoneSimulator.ActiveCfg = Release|iPhoneSimulator
		{DB04200F-E8A0-4530-84B6-BC4457AC7BE9}.Release|iPhoneSimulator.Build.0 = Release|iPhoneSimulator
		{DB04200F-E8A0-4530-84B6-BC4457AC7BE9}.Release|Mixed Platforms.ActiveCfg = Release|iPhone
		{DB04200F-E8A0-4530-84B6-BC4457AC7BE9}.Release|Mixed Platforms.Build.0 = Release|iPhone
		{DB04200F-E8A0-4530-84B6-BC4457AC7BE9}.Release|x86.ActiveCfg = Release|iPhone
		{E0352E8F-5162-465B-9D7A-7ADF6B0567C4}.Ad-Hoc|Any CPU.ActiveCfg = Release|Any CPU
		{E0352E8F-5162-465B-9D7A-7ADF6B0567C4}.Ad-Hoc|Any CPU.Build.0 = Release|Any CPU
		{E0352E8F-5162-465B-9D7A-7ADF6B0567C4}.Ad-Hoc|Any CPU.Deploy.0 = Release|Any CPU
		{E0352E8F-5162-465B-9D7A-7ADF6B0567C4}.Ad-Hoc|ARM.ActiveCfg = Release|Any CPU
		{E0352E8F-5162-465B-9D7A-7ADF6B0567C4}.Ad-Hoc|iPhone.ActiveCfg = Release|Any CPU
		{E0352E8F-5162-465B-9D7A-7ADF6B0567C4}.Ad-Hoc|iPhoneSimulator.ActiveCfg = Release|Any CPU
		{E0352E8F-5162-465B-9D7A-7ADF6B0567C4}.Ad-Hoc|Mixed Platforms.ActiveCfg = Release|Any CPU
		{E0352E8F-5162-465B-9D7A-7ADF6B0567C4}.Ad-Hoc|Mixed Platforms.Build.0 = Release|Any CPU
		{E0352E8F-5162-465B-9D7A-7ADF6B0567C4}.Ad-Hoc|Mixed Platforms.Deploy.0 = Release|Any CPU
		{E0352E8F-5162-465B-9D7A-7ADF6B0567C4}.Ad-Hoc|x86.ActiveCfg = Release|Any CPU
		{E0352E8F-5162-465B-9D7A-7ADF6B0567C4}.AppStore|Any CPU.ActiveCfg = Release|Any CPU
		{E0352E8F-5162-465B-9D7A-7ADF6B0567C4}.AppStore|Any CPU.Build.0 = Release|Any CPU
		{E0352E8F-5162-465B-9D7A-7ADF6B0567C4}.AppStore|Any CPU.Deploy.0 = Release|Any CPU
		{E0352E8F-5162-465B-9D7A-7ADF6B0567C4}.AppStore|ARM.ActiveCfg = Release|Any CPU
		{E0352E8F-5162-465B-9D7A-7ADF6B0567C4}.AppStore|iPhone.ActiveCfg = Release|Any CPU
		{E0352E8F-5162-465B-9D7A-7ADF6B0567C4}.AppStore|iPhoneSimulator.ActiveCfg = Release|Any CPU
		{E0352E8F-5162-465B-9D7A-7ADF6B0567C4}.AppStore|Mixed Platforms.ActiveCfg = Release|Any CPU
		{E0352E8F-5162-465B-9D7A-7ADF6B0567C4}.AppStore|Mixed Platforms.Build.0 = Release|Any CPU
		{E0352E8F-5162-465B-9D7A-7ADF6B0567C4}.AppStore|Mixed Platforms.Deploy.0 = Release|Any CPU
		{E0352E8F-5162-465B-9D7A-7ADF6B0567C4}.AppStore|x86.ActiveCfg = Release|Any CPU
		{E0352E8F-5162-465B-9D7A-7ADF6B0567C4}.Debug|Any CPU.ActiveCfg = Debug|Any CPU
		{E0352E8F-5162-465B-9D7A-7ADF6B0567C4}.Debug|Any CPU.Build.0 = Debug|Any CPU
		{E0352E8F-5162-465B-9D7A-7ADF6B0567C4}.Debug|Any CPU.Deploy.0 = Debug|Any CPU
		{E0352E8F-5162-465B-9D7A-7ADF6B0567C4}.Debug|ARM.ActiveCfg = Debug|Any CPU
		{E0352E8F-5162-465B-9D7A-7ADF6B0567C4}.Debug|iPhone.ActiveCfg = Debug|Any CPU
		{E0352E8F-5162-465B-9D7A-7ADF6B0567C4}.Debug|iPhoneSimulator.ActiveCfg = Debug|Any CPU
		{E0352E8F-5162-465B-9D7A-7ADF6B0567C4}.Debug|Mixed Platforms.ActiveCfg = Debug|Any CPU
		{E0352E8F-5162-465B-9D7A-7ADF6B0567C4}.Debug|Mixed Platforms.Build.0 = Debug|Any CPU
		{E0352E8F-5162-465B-9D7A-7ADF6B0567C4}.Debug|Mixed Platforms.Deploy.0 = Debug|Any CPU
		{E0352E8F-5162-465B-9D7A-7ADF6B0567C4}.Debug|x86.ActiveCfg = Debug|Any CPU
		{E0352E8F-5162-465B-9D7A-7ADF6B0567C4}.Release|Any CPU.ActiveCfg = Release|Any CPU
		{E0352E8F-5162-465B-9D7A-7ADF6B0567C4}.Release|Any CPU.Build.0 = Release|Any CPU
		{E0352E8F-5162-465B-9D7A-7ADF6B0567C4}.Release|Any CPU.Deploy.0 = Release|Any CPU
		{E0352E8F-5162-465B-9D7A-7ADF6B0567C4}.Release|ARM.ActiveCfg = Release|Any CPU
		{E0352E8F-5162-465B-9D7A-7ADF6B0567C4}.Release|iPhone.ActiveCfg = Release|Any CPU
		{E0352E8F-5162-465B-9D7A-7ADF6B0567C4}.Release|iPhoneSimulator.ActiveCfg = Release|Any CPU
		{E0352E8F-5162-465B-9D7A-7ADF6B0567C4}.Release|Mixed Platforms.ActiveCfg = Release|Any CPU
		{E0352E8F-5162-465B-9D7A-7ADF6B0567C4}.Release|Mixed Platforms.Build.0 = Release|Any CPU
		{E0352E8F-5162-465B-9D7A-7ADF6B0567C4}.Release|Mixed Platforms.Deploy.0 = Release|Any CPU
		{E0352E8F-5162-465B-9D7A-7ADF6B0567C4}.Release|x86.ActiveCfg = Release|Any CPU
		{EA9340B5-5B3C-41AF-BD89-5D57DE20F84A}.Ad-Hoc|Any CPU.ActiveCfg = Release|Any CPU
		{EA9340B5-5B3C-41AF-BD89-5D57DE20F84A}.Ad-Hoc|Any CPU.Build.0 = Release|Any CPU
		{EA9340B5-5B3C-41AF-BD89-5D57DE20F84A}.Ad-Hoc|Any CPU.Deploy.0 = Release|Any CPU
		{EA9340B5-5B3C-41AF-BD89-5D57DE20F84A}.Ad-Hoc|ARM.ActiveCfg = Release|ARM
		{EA9340B5-5B3C-41AF-BD89-5D57DE20F84A}.Ad-Hoc|ARM.Build.0 = Release|ARM
		{EA9340B5-5B3C-41AF-BD89-5D57DE20F84A}.Ad-Hoc|ARM.Deploy.0 = Release|ARM
		{EA9340B5-5B3C-41AF-BD89-5D57DE20F84A}.Ad-Hoc|iPhone.ActiveCfg = Release|Any CPU
		{EA9340B5-5B3C-41AF-BD89-5D57DE20F84A}.Ad-Hoc|iPhoneSimulator.ActiveCfg = Release|Any CPU
		{EA9340B5-5B3C-41AF-BD89-5D57DE20F84A}.Ad-Hoc|Mixed Platforms.ActiveCfg = Release|x86
		{EA9340B5-5B3C-41AF-BD89-5D57DE20F84A}.Ad-Hoc|Mixed Platforms.Build.0 = Release|x86
		{EA9340B5-5B3C-41AF-BD89-5D57DE20F84A}.Ad-Hoc|Mixed Platforms.Deploy.0 = Release|x86
		{EA9340B5-5B3C-41AF-BD89-5D57DE20F84A}.Ad-Hoc|x86.ActiveCfg = Release|x86
		{EA9340B5-5B3C-41AF-BD89-5D57DE20F84A}.Ad-Hoc|x86.Build.0 = Release|x86
		{EA9340B5-5B3C-41AF-BD89-5D57DE20F84A}.Ad-Hoc|x86.Deploy.0 = Release|x86
		{EA9340B5-5B3C-41AF-BD89-5D57DE20F84A}.AppStore|Any CPU.ActiveCfg = Release|Any CPU
		{EA9340B5-5B3C-41AF-BD89-5D57DE20F84A}.AppStore|Any CPU.Build.0 = Release|Any CPU
		{EA9340B5-5B3C-41AF-BD89-5D57DE20F84A}.AppStore|Any CPU.Deploy.0 = Release|Any CPU
		{EA9340B5-5B3C-41AF-BD89-5D57DE20F84A}.AppStore|ARM.ActiveCfg = Release|ARM
		{EA9340B5-5B3C-41AF-BD89-5D57DE20F84A}.AppStore|ARM.Build.0 = Release|ARM
		{EA9340B5-5B3C-41AF-BD89-5D57DE20F84A}.AppStore|ARM.Deploy.0 = Release|ARM
		{EA9340B5-5B3C-41AF-BD89-5D57DE20F84A}.AppStore|iPhone.ActiveCfg = Release|Any CPU
		{EA9340B5-5B3C-41AF-BD89-5D57DE20F84A}.AppStore|iPhoneSimulator.ActiveCfg = Release|Any CPU
		{EA9340B5-5B3C-41AF-BD89-5D57DE20F84A}.AppStore|Mixed Platforms.ActiveCfg = Release|x86
		{EA9340B5-5B3C-41AF-BD89-5D57DE20F84A}.AppStore|Mixed Platforms.Build.0 = Release|x86
		{EA9340B5-5B3C-41AF-BD89-5D57DE20F84A}.AppStore|Mixed Platforms.Deploy.0 = Release|x86
		{EA9340B5-5B3C-41AF-BD89-5D57DE20F84A}.AppStore|x86.ActiveCfg = Release|x86
		{EA9340B5-5B3C-41AF-BD89-5D57DE20F84A}.AppStore|x86.Build.0 = Release|x86
		{EA9340B5-5B3C-41AF-BD89-5D57DE20F84A}.AppStore|x86.Deploy.0 = Release|x86
		{EA9340B5-5B3C-41AF-BD89-5D57DE20F84A}.Debug|Any CPU.ActiveCfg = Debug|Any CPU
		{EA9340B5-5B3C-41AF-BD89-5D57DE20F84A}.Debug|Any CPU.Build.0 = Debug|Any CPU
		{EA9340B5-5B3C-41AF-BD89-5D57DE20F84A}.Debug|Any CPU.Deploy.0 = Debug|Any CPU
		{EA9340B5-5B3C-41AF-BD89-5D57DE20F84A}.Debug|ARM.ActiveCfg = Debug|ARM
		{EA9340B5-5B3C-41AF-BD89-5D57DE20F84A}.Debug|ARM.Build.0 = Debug|ARM
		{EA9340B5-5B3C-41AF-BD89-5D57DE20F84A}.Debug|ARM.Deploy.0 = Debug|ARM
		{EA9340B5-5B3C-41AF-BD89-5D57DE20F84A}.Debug|iPhone.ActiveCfg = Debug|Any CPU
		{EA9340B5-5B3C-41AF-BD89-5D57DE20F84A}.Debug|iPhoneSimulator.ActiveCfg = Debug|Any CPU
		{EA9340B5-5B3C-41AF-BD89-5D57DE20F84A}.Debug|Mixed Platforms.ActiveCfg = Debug|x86
		{EA9340B5-5B3C-41AF-BD89-5D57DE20F84A}.Debug|Mixed Platforms.Build.0 = Debug|x86
		{EA9340B5-5B3C-41AF-BD89-5D57DE20F84A}.Debug|Mixed Platforms.Deploy.0 = Debug|x86
		{EA9340B5-5B3C-41AF-BD89-5D57DE20F84A}.Debug|x86.ActiveCfg = Debug|x86
		{EA9340B5-5B3C-41AF-BD89-5D57DE20F84A}.Debug|x86.Build.0 = Debug|x86
		{EA9340B5-5B3C-41AF-BD89-5D57DE20F84A}.Debug|x86.Deploy.0 = Debug|x86
		{EA9340B5-5B3C-41AF-BD89-5D57DE20F84A}.Release|Any CPU.ActiveCfg = Release|Any CPU
		{EA9340B5-5B3C-41AF-BD89-5D57DE20F84A}.Release|Any CPU.Build.0 = Release|Any CPU
		{EA9340B5-5B3C-41AF-BD89-5D57DE20F84A}.Release|Any CPU.Deploy.0 = Release|Any CPU
		{EA9340B5-5B3C-41AF-BD89-5D57DE20F84A}.Release|ARM.ActiveCfg = Release|ARM
		{EA9340B5-5B3C-41AF-BD89-5D57DE20F84A}.Release|ARM.Build.0 = Release|ARM
		{EA9340B5-5B3C-41AF-BD89-5D57DE20F84A}.Release|ARM.Deploy.0 = Release|ARM
		{EA9340B5-5B3C-41AF-BD89-5D57DE20F84A}.Release|iPhone.ActiveCfg = Release|Any CPU
		{EA9340B5-5B3C-41AF-BD89-5D57DE20F84A}.Release|iPhoneSimulator.ActiveCfg = Release|Any CPU
		{EA9340B5-5B3C-41AF-BD89-5D57DE20F84A}.Release|Mixed Platforms.ActiveCfg = Release|x86
		{EA9340B5-5B3C-41AF-BD89-5D57DE20F84A}.Release|Mixed Platforms.Build.0 = Release|x86
		{EA9340B5-5B3C-41AF-BD89-5D57DE20F84A}.Release|Mixed Platforms.Deploy.0 = Release|x86
		{EA9340B5-5B3C-41AF-BD89-5D57DE20F84A}.Release|x86.ActiveCfg = Release|x86
		{EA9340B5-5B3C-41AF-BD89-5D57DE20F84A}.Release|x86.Build.0 = Release|x86
		{EA9340B5-5B3C-41AF-BD89-5D57DE20F84A}.Release|x86.Deploy.0 = Release|x86
	EndGlobalSection
	GlobalSection(SolutionProperties) = preSolution
		HideSolutionNode = FALSE
	EndGlobalSection
EndGlobal
